
Microsoft Visual Studio Solution File, Format Version 12.00
# Visual Studio Version 17
VisualStudioVersion = 17.7.34202.233
MinimumVisualStudioVersion = 10.0.40219.1
Project("{F184B08F-C81C-45F6-A57F-5ABD9991F28F}") = "EECP-Enrollment-System-VBNet", "EECP-Enrollment-System-VBNet\EECP-Enrollment-System-VBNet.vbproj", "{3725B5AE-1FA3-4558-974C-19FCDB48FE2A}"
EndProject
Global
	GlobalSection(SolutionConfigurationPlatforms) = preSolution
		Debug|Any CPU = Debug|Any CPU
		Release|Any CPU = Release|Any CPU
	EndGlobalSection
	GlobalSection(ProjectConfigurationPlatforms) = postSolution
		{3725B5AE-1FA3-4558-974C-19FCDB48FE2A}.Debug|Any CPU.ActiveCfg = Debug|Any CPU
		{3725B5AE-1FA3-4558-974C-19FCDB48FE2A}.Debug|Any CPU.Build.0 = Debug|Any CPU
		{3725B5AE-1FA3-4558-974C-19FCDB48FE2A}.Release|Any CPU.ActiveCfg = Release|Any CPU
		{3725B5AE-1FA3-4558-974C-19FCDB48FE2A}.Release|Any CPU.Build.0 = Release|Any CPU
	EndGlobalSection
	GlobalSection(SolutionProperties) = preSolution
		HideSolutionNode = FALSE
	EndGlobalSection
	GlobalSection(ExtensibilityGlobals) = postSolution
		SolutionGuid = {435D1101-F135-4B47-8568-2EF55C282E10}
	EndGlobalSection
EndGlobal
